github.com/alphacep/vosk-api/go v0.3.45 h1:2M2CNh0N2zPq3oO0ZxW7dK0/XsQJBuZ0g2nVBpH8Owk=
github.com/alphacep/vosk-api/go v0.3.45/go.mod h1:2YbAm1A1v9d8wPN4d9dYk3cfZ4gRAR6zSrt+2iL2xA4=
github.com/bytedance/sonic v1.11.6 h1:wn/jrfy6QD5f9rfrzvYf1b3y3bKXH9yM3zNBPQfmULc=
github.com/bytedance/sonic v1.11.6/go.mod h1:W/3QfyHwDvH8Y/3iJ2fQ1Klje6sdf9r3nD4jhe4hSbk=
github.com/bytedance/sonic/loader v0.1.1 h1:cje1PV9uaUENum/3kHPc4G9JJuUFxP4lAEU51OdQb4Y=
github.com/bytedance/sonic/loader v0.1.1/go.mod h1:ncP87zf5o7oE9lN6b8n+VY8v3kENh/7c/o5HD6wZ4cI=
github.com/cloudwego/base64x v0.1.4 h1:jwCgWpFanWmN8voIUHa2rtzmRxn3o7y6o/Rtj/WzX2o=
github.com/cloudwego/base64x v0.1.4/go.mod h1:0zlkqH0I0Y0gSps4Emuw6XqAAyg2r5G29Ak8L7/8UDg=
github.com/cloudwego/iasm v0.2.0 h1:1KNIy1I1H9hNNFjv9ZaPtR8gY36P4VhoqlU6g2k4rLjM=
github.com/cloudwego/iasm v0.2.0/go.mod h1:8rXZaNYT2n97u3LusjvSCY7TJ3Q7hV2EjjJR3nIOrfU=
github.com/gabriel-vasile/mimetype v1.4.3 h1:TRWk7se+TOjCYfJ3ee86b6sXhNacI4LxxCE8EhfviN0=
github.com/gabriel-vasile/mimetype v1.4.3/go.mod h1:QNceU/WN6JneJ7oA63C/5C6b4oMb3WmV3Q3Oirx4hH4=
github.com/gin-contrib/sse v0.1.0 h1:Y/yk2nx0iZa/+VfKkKqK09c4Xvndz7OwzSlnYIX4B70=
github.com/gin-contrib/sse v0.1.0/go.mod h1:RHrZQHXnP2xjPF+u1gW/2HnVO7nvIa9PG3Gm+fLHvGI=
github.com/gin-gonic/gin v1.10.0 h1:nTuy25G0+8l5NSK7+8Y5B391CYLoVZwffElCsk3l7m4=
github.com/gin-gonic/gin v1.10.0/go.mod h1:KtPtHu9i+B7p2hcKknH7PPKj7Y4h6Xu6jBwwLZ8nyX8=
github.com/go-playground/locales v0.14.1 h1:EWaQ/wswjILBt4bwy3s7TYzDZZ+7R2b2t2kzyWktkbw=
github.com/go-playground/locales v0.14.1/go.mod h1:hxrqLVvrK65+RwOr/3qa4qFTtK4W7iDA2y3g0ewgV30=
github.com/go-playground/universal-translator v0.18.1 h1:Bcnm0ZwsGyWbCzImXv+pAJnYK9S473LQFuzCbDbfSFY=
github.com/go-playground/universal-translator v0.18.1/go.mod h1:2LQLC2FTDoP+7JD7G7UjkwrDHOOywM7y2SsW0cr0KyU=
github.com/go-playground/validator/v10 v10.20.0 h1:K9ISHbFlfUc0nb+at3ua3mQPKi9K3U+U3Fpnr2r8Jrw=
github.com/go-playground/validator/v10 v10.20.0/go.mod h1:dbuPbCMFw/DrkbEynAf/B6YsTCOAfA3D6J4VNR6Zi2A=
github.com/klauspost/cpuid/v2 v2.2.7 h1:ZWSB3igADi2rwaTSCHlISEg+nf0ipnnXjObWpx2N104=
github.com/klauspost/cpuid/v2 v2.2.7/go.mod h1:0E5MSMDEoA5dNg69NdH4YxNV2TqN7M0PV3K1fA0ga14=
github.com/leodido/go-urn v1.4.0 h1:WT9HwE9+1YKduKQ+3NRZ9+1ydHXG4DfGTfb1LyV6ds0=
github.com/leodido/go-urn v1.4.0/go.mod h1:bvxc8/MzC4zDpmVh3dp0MKB9UV2vP0g3/kENnp61r4A=
github.com/mattn/go-isatty v0.0.20 h1:xfD0iDuO7ZeQy3qK6vI7Xz8k/4fY8EzO/6K6vI7Xzfw=
github.com/mattn/go-isatty v0.0.20/go.mod h1:W+V8PltTTMOvKvAeJH7IuucS94S2C6jfK/D7dTCTo3Y=
github.com/twitchyliquid64/golang-asm v0.15.1 h1:SU5vSMR7hnwNxjOi161i1V0L4iXyS4enxMFuPScJ5YA=
github.com/twitchyliquid64/golang-asm v0.15.1/go.mod h1:a1lVb/DtPvCB8fslRZhAngC2+aY1QWCk3Cedj/Gdt08=
github.com/ugorji/go/codec v1.2.12 h1:9LC83z6937afTeIfH92N0qcHC1C6G8IHK7A07T0KIuM=
github.com/ugorji/go/codec v1.2.12/go.mod h1:UN1dDY669Gq8zF6B6+bSWJo6sNwvPoPIldVmo2kgBww=
golang.org/x/arch v0.8.0 h1:3wQAomPIl28Tvh0NT2W5As8lRDm3s7+cMP75VNss0GM=
golang.org/x/arch v0.8.0/go.mod h1:FEVrYAujmN5WqtiCsmo8vPDjW3dA5Qz4S6th/3Vk4WY=
golang.org/x/crypto v0.23.0 h1:dIJU/v2J8MdDiD7QesDmWj/OGq3C1bELFACDX6fcl3Q=
golang.org/x/crypto v0.23.0/go.mod h1:CKFG32sv9JcTRqWPM1DNdtxZ2q1BvlS8s3Q3Vo5dUcI=
golang.org/x/net v0.25.0 h1:d/OCCo8NuaNatxQ9Nf1k35b/NDZjb6X7edM KnaDuk7w=
golang.org/x/net v0.25.0/go.mod h1:JkAGAh7GEvH74S6FOH42F4lAvxngPjDE9y9DQiC4gOk=
golang.org/x/sys v0.20.0 h1:Od9JC8npfEQA4HAsI+VqwRJbDEZO7qso8a1L9r0PUEQ=
golang.org/x/sys v0.20.0/go.mod h1:/VUhepiaJMQIxoI1BY2U0FwwqrV8O5OxWUNyqKRv4as=
golang.org/x/text v0.15.0 h1:h1V/4gyyLiCNrn0Z7t0fyrt91g8oFAMLyW1C4o8tV3s=
golang.org/x/text v0.15.0/go.mod h1:18ZOQIKpY8NJVqYksKHtTdi31H5itFRjB5/qKTNYzSU=