github.com/bytedance/sonic v1.11.6 h1:ezp9xFXrKI3fKce1DF3gilr61wS+Skog3nI8fA2uV6s=
github.com/bytedance/sonic v1.11.6/go.mod h1:W/3Q3CIrG4f9S/4r3kPboT7/1c3v0rLgy7l4f9c6+Eg=
github.com/bytedance/sonic/loader v0.1.1 h1:c+e5Pt1k/cy5wMveRDyk2X4V9hF4g7jZOrjo/4iy2Sw=
github.com/bytedance/sonic/loader v0.1.1/go.mod h1:ncP87lts8UiGMm7/KQ+rcv6e8gyCE6w/iG90jeCkrUM=
github.com/cloudwego/base64x v0.1.4 h1:jwCgWpFanWmN8voIUHa2rtzmkd5HYfc3oKhA0r+0TxY=
github.com/cloudwego/base64x v0.1.4/go.mod h1:0zlkqH0I0Y0IQQP18V0rUOH1+uXCVYneJCqvi8AuLKY=
github.com/cloudwego/iasm v0.2.0 h1:1KwhgVTDw8YaX5oxxL2Vgy1+RXZSh3g1rryT4QHPd98=
github.com/cloudwego/iasm v0.2.0/go.mod h1:8rYbxo1Jes0TO4+0GynV2B7Rd/6gClT2UhpF5k6YsS4=
github.com/davecgh/go-spew v1.1.1 h1:vj9j/u1bqnvCEfJOwUhtlOARqs3+rkHYY13jYWTU97c=
github.com/davecgh/go-spew v1.1.1/go.mod h1:J7Y8YcW2NihsgmVo/mv3lAwl/skON4iLHjSsI+c5H38=
github.com/gabriel-vasile/mimetype v1.4.3 h1:TRWk7se+/R0RmtM7EApqe30AMv7T2CEgM3/qrVlhV/M=
github.com/gabriel-vasile/mimetype v1.4.3/go.mod h1:umr8mfFqzZm/oPLBR/6x+dd8y63uIpgYg9UJvDJ2rSg=
github.com/gin-contrib/sse v0.1.0 h1:Y/yl/+YNO8GZSjAhjMsSuLt29uWRFHdHYUb5lYOV9qE=
github.com/gin-contrib/sse v0.1.0/go.mod h1:RHrZQHXnP2xjPF+u1gW/2HnVO7nvIa9PG3Gm+fLHvGI=
github.com/gin-gonic/gin v1.10.0 h1:nTuyiY8b5wE3SOwuWgtezYEFQ2K3+EhP+S641+ivdfM=
github.com/gin-gonic/gin v1.10.0/go.mod h1:4PMNasr3qS+3teW+EnI4d3r7OFlms3vW0l/rz6t9r6c=
github.com/go-playground/assert/v2 v2.2.0 h1:JvknZsQTYeFEAhQwI4qEt9cyV5ONwRHC+lYKSsjbIjy=
github.com/go-playground/assert/v2 v2.2.0/go.mod h1:VDjEfimB/XKnb+ZQfWdccd7VUvScMdVu0Titje2rxJ4=
github.com/go-playground/locales v0.14.1 h1:EWaQ/wswjILVt7DKgv7UcQSOl2BK4FfyB/3G7U/7gZA=
github.com/go-playground/locales v0.14.1/go.mod h1:hxrqLVvrK65hpwU2OobKnBuHK9t9tKyPH1odCrCYHXU=
github.com/go-playground/universal-translator v0.18.1 h1:Bcnm0ZwsGyWbCzImXv+pAJnYK9S473LQFuzCbDbfSFY=
github.com/go-playground/universal-translator v0.18.1/go.mod h1:1A7WXBKjaLwCdwT2IqaQUGI8Eq2crF81zY8wcVys/zA=
github.com/go-playground/validator/v10 v10.20.0 h1:K9ISHbHK0n0t66pgsW39TdXL9ht3I2AHE4mKPKlG3kQ=
github.com/go-playground/validator/v10 v10.20.0/go.mod h1:dbuPbCMFw/DrkbEynAf/R0HLufCevcBJEEQr3e2fK14=
github.com/imkira/go-libav v0.0.0-20180115004737-6ea2b4c24598 h1:1qW6I2fVv/ZU9E8U8sWaxIuK1pYq1O3s1W1qI6B7EJI=
github.com/imkira/go-libav v0.0.0-20180115004737-6ea2b4c24598/go.mod h1:tfMac4rQS+/g4V4dw5m0DAlP+fgfXwI3lU90roRVc/Y=
github.com/klauspost/cpuid/v2 v2.2.7 h1:ZtwGTtZB1nS6NmPxwV3A8wTkMyRVbXiizLhKid5IuUc=
github.com/klauspost/cpuid/v2 v2.2.7/go.mod h1:RVVoMg1df56z8g3pUjL/3lE5UfnlrJX8tyFgg4nqhuY=
github.com/leodido/go-urn v1.4.0 h1:WT9HwE9+1YLW69fN3H1Hr2uR2iCsK8Zm4k7EWJ6R60A=
github.com/leodido/go-urn v1.4.0/go.mod h1:7A9qKtoUTl0rPCKHdwF6kX0Li9W3kF2nbkO3rri1c3w=
github.com/mattn/go-isatty v0.0.20 h1:xfD0iDuEKnDkl03q4limB+vH+GxLEtL/jb4xVJSWWEY=
github.com/mattn/go-isatty v0.0.20/go.mod h1:W+V8PltTTMOvKvAeJH7IuucS94S2C6jfK/D7dTCTo3Y=
github.com/pmezard/go-difflib v1.0.0 h1:4DBwDE0NGyQoBHbLQYPwSUPoCMWR5BEzIk/f1lZbAQM=
github.com/pmezard/go-difflib v1.0.0/go.mod h1:iKH77koFhYxTK1pcRnkKkqfTogsbg7gZNVY4sRDYZ/4=
github.com/stretchr/testify v1.8.4 h1:CcVxjf3Q8PM0mHUKJCdn+eZZtm5yQwehR5yeSVQQcUk=
github.com/stretchr/testify v1.8.4/go.mod h1:sz/lmYIOXD/1dqDmKjjqLyZ2RngseejIcXlSw2iwfAo=
github.com/twitchyliquid64/golang-asm v0.15.1 h1:SU5vSMR7hnwNxjOi1dEjv8uU5rPzcnwIlpDhWtpH GbI=
github.com/twitchyliquid64/golang-asm v0.15.1/go.mod h1:a1lVb/DtPvCB8fslRZhAngC2+aY1QWCk3Cedj/Gdt08=
github.com/ugorji/go/codec v1.2.12 h1:9LC83z693UF5GtASOx3+Edp+7SYi2qX9kvv2zFYH1Oc=
github.com/ugorji/go/codec v1.2.12/go.mod h1:UN1IWYGH6378+w5WdD6YZbwi2sUrO3duMJLX/8PeisY=
golang.org/x/arch v0.8.0 h1:3w3JJ6lHMD2uGC4o3lFMi8W/o90FIaX3qWFeBzLiEUs=
golang.org/x/arch v0.8.0/go.mod h1:FEVrYAQ7p3gDaSC+xb6uPak1B0H4y7lF31aNHwstS1o=
golang.org/x/crypto v0.23.0 h1:d84kwYneMbFWTI3jqj0sLiN7EgdPV97az4Wzxl1/TOM=
golang.org/x/crypto v0.23.0/go.mod h1:CKFgDieR+mRhux2LNA5I8L0RScKK/8b7e0bVSkydYgA=
golang.org/x/net v0.25.0 h1:d/OCCoBEUqy/ycpCoO67RZXlD3pniy6KrODv/1vFuw8=
golang.org/x/net v0.25.0/go.mod h1:JkAGAh7GE1cyyO5Tf8C3fV5lDMOvTy9L4JmpQk02dms=
golang.org/x/sys v0.20.0 h1:Od9JTbYCk261bKm4MJOJ5Cd8dF57W3rdUgjf6b shinY=
golang.org/x/sys v0.20.0/go.mod h1:/VUhepiaJMQUp4+oa/7Zr1D23ma6VTLIYjOOTFZPUcA=
golang.org/x/text v0.15.0 h1:h1V/4gwt21PsKCxNUwkv7H1lN3io7+Og6h9k5g4+8PQ=
golang.org/x/text v0.15.0/go.mod h1:18ZOQIKpY8N